
Microsoft Visual Studio Solution File, Format Version 12.00
# Visual Studio 15
VisualStudioVersion = 15.0.28307.168
MinimumVisualStudioVersion = 10.0.40219.1
Project("{FAE04EC0-301F-11D3-BF4B-00C04F79EFBC}") = "PrivateCert.Sqlite", "PrivateCert.Sqlite\PrivateCert.Sqlite.csproj", "{9CBB5B30-A509-44CB-A912-03E844691886}"
EndProject
Project("{FAE04EC0-301F-11D3-BF4B-00C04F79EFBC}") = "PrivateCert.Web", "PrivateCert.Web\PrivateCert.Web.csproj", "{67DCAFC6-0EAB-44AA-8754-73A53DDB1E13}"
EndProject
Project("{FAE04EC0-301F-11D3-BF4B-00C04F79EFBC}") = "PrivateCert.AzureDal", "PrivateCert.AzureDal\PrivateCert.AzureDal.csproj", "{808D85F3-70F5-4FFB-9F17-133661DF0EB1}"
EndProject
Project("{FAE04EC0-301F-11D3-BF4B-00C04F79EFBC}") = "PrivateCert.LibCore", "PrivateCert.LibCore\PrivateCert.LibCore.csproj", "{65CC6B85-A5A2-49B6-B69B-673E8B24B4AF}"
EndProject
Project("{FAE04EC0-301F-11D3-BF4B-00C04F79EFBC}") = "PrivateCert.CompositionRootCore", "PrivateCert.CompositionRootCore\PrivateCert.CompositionRootCore.csproj", "{714D43CE-3395-46A1-8A59-98967A1FEC7F}"
EndProject
Global
	GlobalSection(SolutionConfigurationPlatforms) = preSolution
		Debug|Any CPU = Debug|Any CPU
		Release|Any CPU = Release|Any CPU
	EndGlobalSection
	GlobalSection(ProjectConfigurationPlatforms) = postSolution
		{9CBB5B30-A509-44CB-A912-03E844691886}.Debug|Any CPU.ActiveCfg = Debug|Any CPU
		{9CBB5B30-A509-44CB-A912-03E844691886}.Debug|Any CPU.Build.0 = Debug|Any CPU
		{9CBB5B30-A509-44CB-A912-03E844691886}.Release|Any CPU.ActiveCfg = Release|Any CPU
		{9CBB5B30-A509-44CB-A912-03E844691886}.Release|Any CPU.Build.0 = Release|Any CPU
		{67DCAFC6-0EAB-44AA-8754-73A53DDB1E13}.Debug|Any CPU.ActiveCfg = Debug|Any CPU
		{67DCAFC6-0EAB-44AA-8754-73A53DDB1E13}.Debug|Any CPU.Build.0 = Debug|Any CPU
		{67DCAFC6-0EAB-44AA-8754-73A53DDB1E13}.Release|Any CPU.ActiveCfg = Release|Any CPU
		{67DCAFC6-0EAB-44AA-8754-73A53DDB1E13}.Release|Any CPU.Build.0 = Release|Any CPU
		{808D85F3-70F5-4FFB-9F17-133661DF0EB1}.Debug|Any CPU.ActiveCfg = Debug|Any CPU
		{808D85F3-70F5-4FFB-9F17-133661DF0EB1}.Debug|Any CPU.Build.0 = Debug|Any CPU
		{808D85F3-70F5-4FFB-9F17-133661DF0EB1}.Release|Any CPU.ActiveCfg = Release|Any CPU
		{808D85F3-70F5-4FFB-9F17-133661DF0EB1}.Release|Any CPU.Build.0 = Release|Any CPU
		{65CC6B85-A5A2-49B6-B69B-673E8B24B4AF}.Debug|Any CPU.ActiveCfg = Debug|Any CPU
		{65CC6B85-A5A2-49B6-B69B-673E8B24B4AF}.Debug|Any CPU.Build.0 = Debug|Any CPU
		{65CC6B85-A5A2-49B6-B69B-673E8B24B4AF}.Release|Any CPU.ActiveCfg = Release|Any CPU
		{65CC6B85-A5A2-49B6-B69B-673E8B24B4AF}.Release|Any CPU.Build.0 = Release|Any CPU
		{714D43CE-3395-46A1-8A59-98967A1FEC7F}.Debug|Any CPU.ActiveCfg = Debug|Any CPU
		{714D43CE-3395-46A1-8A59-98967A1FEC7F}.Debug|Any CPU.Build.0 = Debug|Any CPU
		{714D43CE-3395-46A1-8A59-98967A1FEC7F}.Release|Any CPU.ActiveCfg = Release|Any CPU
		{714D43CE-3395-46A1-8A59-98967A1FEC7F}.Release|Any CPU.Build.0 = Release|Any CPU
	EndGlobalSection
	GlobalSection(SolutionProperties) = preSolution
		HideSolutionNode = FALSE
	EndGlobalSection
	GlobalSection(ExtensibilityGlobals) = postSolution
		SolutionGuid = {C9454200-F35A-40E4-82A4-4BA941F3CA9C}
	EndGlobalSection
EndGlobal
